
Microsoft Visual Studio Solution File, Format Version 12.00
# Visual Studio Version 16
VisualStudioVersion = 25.0.1705.6
MinimumVisualStudioVersion = 10.0.40219.1
Project("{FAE04EC0-301F-11D3-BF4B-00C04F79EFBC}") = "LabCorp", "LabCorp.csproj", "{9B0091E2-C4EE-4DB3-8C43-B42A7B69A10F}"
EndProject
Global
	GlobalSection(SolutionConfigurationPlatforms) = preSolution
		Debug|Any CPU = Debug|Any CPU
		Release|Any CPU = Release|Any CPU
	EndGlobalSection
	GlobalSection(ProjectConfigurationPlatforms) = postSolution
		{9B0091E2-C4EE-4DB3-8C43-B42A7B69A10F}.Debug|Any CPU.ActiveCfg = Debug|Any CPU
		{9B0091E2-C4EE-4DB3-8C43-B42A7B69A10F}.Debug|Any CPU.Build.0 = Debug|Any CPU
		{9B0091E2-C4EE-4DB3-8C43-B42A7B69A10F}.Release|Any CPU.ActiveCfg = Release|Any CPU
		{9B0091E2-C4EE-4DB3-8C43-B42A7B69A10F}.Release|Any CPU.Build.0 = Release|Any CPU
	EndGlobalSection
	GlobalSection(SolutionProperties) = preSolution
		HideSolutionNode = FALSE
	EndGlobalSection
	GlobalSection(ExtensibilityGlobals) = postSolution
		SolutionGuid = {BDE21B05-6E88-46CE-BF99-033658B6EEF4}
	EndGlobalSection
EndGlobal
